// !$*UTF8*$!
{
	archiveVersion = 1;
	classes = {
	};
	objectVersion = 56;
	objects = {

/* Begin PBXBuildFile section */
		07A0E83A29E80E160007CE59 /* PokemonListsApp.swift in Sources */ = {isa = PBXBuildFile; fileRef = 07A0E83929E80E160007CE59 /* PokemonListsApp.swift */; };
		07A0E83C29E80E160007CE59 /* ContentView.swift in Sources */ = {isa = PBXBuildFile; fileRef = 07A0E83B29E80E160007CE59 /* ContentView.swift */; };
		07A0E83E29E80E180007CE59 /* Assets.xcassets in Resources */ = {isa = PBXBuildFile; fileRef = 07A0E83D29E80E180007CE59 /* Assets.xcassets */; };
		07A0E84129E80E180007CE59 /* Preview Assets.xcassets in Resources */ = {isa = PBXBuildFile; fileRef = 07A0E84029E80E180007CE59 /* Preview Assets.xcassets */; };
		07A0E84A29E80E970007CE59 /* Pokemon.swift in Sources */ = {isa = PBXBuildFile; fileRef = 07A0E84929E80E970007CE59 /* Pokemon.swift */; };
		07A0E84D29E812220007CE59 /* SelectedPokemon.swift in Sources */ = {isa = PBXBuildFile; fileRef = 07A0E84C29E812220007CE59 /* SelectedPokemon.swift */; };
		07A0E84F29E8B2280007CE59 /* PokemonImage.swift in Sources */ = {isa = PBXBuildFile; fileRef = 07A0E84E29E8B2280007CE59 /* PokemonImage.swift */; };
		07A0E87629E8C3490007CE59 /* PokemonDetailView.swift in Sources */ = {isa = PBXBuildFile; fileRef = 07A0E87529E8C3490007CE59 /* PokemonDetailView.swift */; };
		07A0E87829E8DDB30007CE59 /* MyPokemonView.swift in Sources */ = {isa = PBXBuildFile; fileRef = 07A0E87729E8DDB30007CE59 /* MyPokemonView.swift */; };
		07A0E87E29E8E3F80007CE59 /* MyPokemonListViewModel.swift in Sources */ = {isa = PBXBuildFile; fileRef = 07A0E87D29E8E3F80007CE59 /* MyPokemonListViewModel.swift */; };
/* End PBXBuildFile section */

/* Begin PBXFileReference section */
		07A0E83629E80E160007CE59 /* PokemonLists.app */ = {isa = PBXFileReference; explicitFileType = wrapper.application; includeInIndex = 0; path = PokemonLists.app; sourceTree = BUILT_PRODUCTS_DIR; };
		07A0E83929E80E160007CE59 /* PokemonListsApp.swift */ = {isa = PBXFileReference; lastKnownFileType = sourcecode.swift; path = PokemonListsApp.swift; sourceTree = "<group>"; };
		07A0E83B29E80E160007CE59 /* ContentView.swift */ = {isa = PBXFileReference; lastKnownFileType = sourcecode.swift; path = ContentView.swift; sourceTree = "<group>"; };
		07A0E83D29E80E180007CE59 /* Assets.xcassets */ = {isa = PBXFileReference; lastKnownFileType = folder.assetcatalog; path = Assets.xcassets; sourceTree = "<group>"; };
		07A0E84029E80E180007CE59 /* Preview Assets.xcassets */ = {isa = PBXFileReference; lastKnownFileType = folder.assetcatalog; path = "Preview Assets.xcassets"; sourceTree = "<group>"; };
		07A0E84929E80E970007CE59 /* Pokemon.swift */ = {isa = PBXFileReference; lastKnownFileType = sourcecode.swift; path = Pokemon.swift; sourceTree = "<group>"; };
		07A0E84C29E812220007CE59 /* SelectedPokemon.swift */ = {isa = PBXFileReference; lastKnownFileType = sourcecode.swift; path = SelectedPokemon.swift; sourceTree = "<group>"; };
		07A0E84E29E8B2280007CE59 /* PokemonImage.swift */ = {isa = PBXFileReference; lastKnownFileType = sourcecode.swift; path = PokemonImage.swift; sourceTree = "<group>"; };
		07A0E87529E8C3490007CE59 /* PokemonDetailView.swift */ = {isa = PBXFileReference; lastKnownFileType = sourcecode.swift; path = PokemonDetailView.swift; sourceTree = "<group>"; };
		07A0E87729E8DDB30007CE59 /* MyPokemonView.swift */ = {isa = PBXFileReference; lastKnownFileType = sourcecode.swift; path = MyPokemonView.swift; sourceTree = "<group>"; };
		07A0E87D29E8E3F80007CE59 /* MyPokemonListViewModel.swift */ = {isa = PBXFileReference; lastKnownFileType = sourcecode.swift; path = MyPokemonListViewModel.swift; sourceTree = "<group>"; };
/* End PBXFileReference section */

/* Begin PBXFrameworksBuildPhase section */
		07A0E83329E80E160007CE59 /* Frameworks */ = {
			isa = PBXFrameworksBuildPhase;
			buildActionMask = 2147483647;
			files = (
			);
			runOnlyForDeploymentPostprocessing = 0;
		};
/* End PBXFrameworksBuildPhase section */

/* Begin PBXGroup section */
		07A0E82D29E80E160007CE59 = {
			isa = PBXGroup;
			children = (
				07A0E83829E80E160007CE59 /* PokemonLists */,
				07A0E83729E80E160007CE59 /* Products */,
			);
			sourceTree = "<group>";
		};
		07A0E83729E80E160007CE59 /* Products */ = {
			isa = PBXGroup;
			children = (
				07A0E83629E80E160007CE59 /* PokemonLists.app */,
			);
			name = Products;
			sourceTree = "<group>";
		};
		07A0E83829E80E160007CE59 /* PokemonLists */ = {
			isa = PBXGroup;
			children = (
				07A0E87B29E8E3CA0007CE59 /* ViewModels */,
				07A0E84829E80E740007CE59 /* API */,
				07A0E84729E80E610007CE59 /* Views */,
				07A0E83929E80E160007CE59 /* PokemonListsApp.swift */,
				07A0E83D29E80E180007CE59 /* Assets.xcassets */,
				07A0E83F29E80E180007CE59 /* Preview Content */,
			);
			path = PokemonLists;
			sourceTree = "<group>";
		};
		07A0E83F29E80E180007CE59 /* Preview Content */ = {
			isa = PBXGroup;
			children = (
				07A0E84029E80E180007CE59 /* Preview Assets.xcassets */,
			);
			path = "Preview Content";
			sourceTree = "<group>";
		};
		07A0E84729E80E610007CE59 /* Views */ = {
			isa = PBXGroup;
			children = (
				07A0E83B29E80E160007CE59 /* ContentView.swift */,
				07A0E84E29E8B2280007CE59 /* PokemonImage.swift */,
				07A0E87529E8C3490007CE59 /* PokemonDetailView.swift */,
				07A0E87729E8DDB30007CE59 /* MyPokemonView.swift */,
			);
			path = Views;
			sourceTree = "<group>";
		};
		07A0E84829E80E740007CE59 /* API */ = {
			isa = PBXGroup;
			children = (
				07A0E84929E80E970007CE59 /* Pokemon.swift */,
				07A0E84C29E812220007CE59 /* SelectedPokemon.swift */,
			);
			path = API;
			sourceTree = "<group>";
		};
		07A0E87B29E8E3CA0007CE59 /* ViewModels */ = {
			isa = PBXGroup;
			children = (
				07A0E87D29E8E3F80007CE59 /* MyPokemonListViewModel.swift */,
			);
			path = ViewModels;
			sourceTree = "<group>";
		};
/* End PBXGroup section */

/* Begin PBXNativeTarget section */
		07A0E83529E80E160007CE59 /* PokemonLists */ = {
			isa = PBXNativeTarget;
			buildConfigurationList = 07A0E84429E80E180007CE59 /* Build configuration list for PBXNativeTarget "PokemonLists" */;
			buildPhases = (
				07A0E83229E80E160007CE59 /* Sources */,
				07A0E83329E80E160007CE59 /* Frameworks */,
				07A0E83429E80E160007CE59 /* Resources */,
			);
			buildRules = (
			);
			dependencies = (
			);
			name = PokemonLists;
			productName = PokemonLists;
			productReference = 07A0E83629E80E160007CE59 /* PokemonLists.app */;
			productType = "com.apple.product-type.application";
		};
/* End PBXNativeTarget section */

/* Begin PBXProject section */
		07A0E82E29E80E160007CE59 /* Project object */ = {
			isa = PBXProject;
			attributes = {
				BuildIndependentTargetsInParallel = 1;
				LastSwiftUpdateCheck = 1420;
				LastUpgradeCheck = 1420;
				TargetAttributes = {
					07A0E83529E80E160007CE59 = {
						CreatedOnToolsVersion = 14.2;
					};
				};
			};
			buildConfigurationList = 07A0E83129E80E160007CE59 /* Build configuration list for PBXProject "PokemonLists" */;
			compatibilityVersion = "Xcode 14.0";
			developmentRegion = en;
			hasScannedForEncodings = 0;
			knownRegions = (
				en,
				Base,
			);
			mainGroup = 07A0E82D29E80E160007CE59;
			productRefGroup = 07A0E83729E80E160007CE59 /* Products */;
			projectDirPath = "";
			projectRoot = "";
			targets = (
				07A0E83529E80E160007CE59 /* PokemonLists */,
			);
		};
/* End PBXProject section */

/* Begin PBXResourcesBuildPhase section */
		07A0E83429E80E160007CE59 /* Resources */ = {
			isa = PBXResourcesBuildPhase;
			buildActionMask = 2147483647;
			files = (
				07A0E84129E80E180007CE59 /* Preview Assets.xcassets in Resources */,
				07A0E83E29E80E180007CE59 /* Assets.xcassets in Resources */,
			);
			runOnlyForDeploymentPostprocessing = 0;
		};
/* End PBXResourcesBuildPhase section */

/* Begin PBXSourcesBuildPhase section */
		07A0E83229E80E160007CE59 /* Sources */ = {
			isa = PBXSourcesBuildPhase;
			buildActionMask = 2147483647;
			files = (
				07A0E83C29E80E160007CE59 /* ContentView.swift in Sources */,
				07A0E87829E8DDB30007CE59 /* MyPokemonView.swift in Sources */,
				07A0E84F29E8B2280007CE59 /* PokemonImage.swift in Sources */,
				07A0E87E29E8E3F80007CE59 /* MyPokemonListViewModel.swift in Sources */,
				07A0E83A29E80E160007CE59 /* PokemonListsApp.swift in Sources */,
				07A0E84D29E812220007CE59 /* SelectedPokemon.swift in Sources */,
				07A0E84A29E80E970007CE59 /* Pokemon.swift in Sources */,
				07A0E87629E8C3490007CE59 /* PokemonDetailView.swift in Sources */,
			);
			runOnlyForDeploymentPostprocessing = 0;
		};
/* End PBXSourcesBuildPhase section */

/* Begin XCBuildConfiguration section */
		07A0E84229E80E180007CE59 /* Debug */ = {
			isa = XCBuildConfiguration;
			buildSettings = {
				ALWAYS_SEARCH_USER_PATHS = NO;
				CLANG_ANALYZER_NONNULL = YES;
				CLANG_ANALYZER_NUMBER_OBJECT_CONVERSION = YES_AGGRESSIVE;
				CLANG_CXX_LANGUAGE_STANDARD = "gnu++20";
				CLANG_ENABLE_MODULES = YES;
				CLANG_ENABLE_OBJC_ARC = YES;
				CLANG_ENABLE_OBJC_WEAK = YES;
				CLANG_WARN_BLOCK_CAPTURE_AUTORELEASING = YES;
				CLANG_WARN_BOOL_CONVERSION = YES;
				CLANG_WARN_COMMA = YES;
				CLANG_WARN_CONSTANT_CONVERSION = YES;
				CLANG_WARN_DEPRECATED_OBJC_IMPLEMENTATIONS = YES;
				CLANG_WARN_DIRECT_OBJC_ISA_USAGE = YES_ERROR;
				CLANG_WARN_DOCUMENTATION_COMMENTS = YES;
				CLANG_WARN_EMPTY_BODY = YES;
				CLANG_WARN_ENUM_CONVERSION = YES;
				CLANG_WARN_INFINITE_RECURSION = YES;
				CLANG_WARN_INT_CONVERSION = YES;
				CLANG_WARN_NON_LITERAL_NULL_CONVERSION = YES;
				CLANG_WARN_OBJC_IMPLICIT_RETAIN_SELF = YES;
				CLANG_WARN_OBJC_LITERAL_CONVERSION = YES;
				CLANG_WARN_OBJC_ROOT_CLASS = YES_ERROR;
				CLANG_WARN_QUOTED_INCLUDE_IN_FRAMEWORK_HEADER = YES;
				CLANG_WARN_RANGE_LOOP_ANALYSIS = YES;
				CLANG_WARN_STRICT_PROTOTYPES = YES;
				CLANG_WARN_SUSPICIOUS_MOVE = YES;
				CLANG_WARN_UNGUARDED_AVAILABILITY = YES_AGGRESSIVE;
				CLANG_WARN_UNREACHABLE_CODE = YES;
				CLANG_WARN__DUPLICATE_METHOD_MATCH = YES;
				COPY_PHASE_STRIP = NO;
				DEBUG_INFORMATION_FORMAT = dwarf;
				ENABLE_STRICT_OBJC_MSGSEND = YES;
				ENABLE_TESTABILITY = YES;
				GCC_C_LANGUAGE_STANDARD = gnu11;
				GCC_DYNAMIC_NO_PIC = NO;
				GCC_NO_COMMON_BLOCKS = YES;
				GCC_OPTIMIZATION_LEVEL = 0;
				GCC_PREPROCESSOR_DEFINITIONS = (
					"DEBUG=1",
					"$(inherited)",
				);
				GCC_WARN_64_TO_32_BIT_CONVERSION = YES;
				GCC_WARN_ABOUT_RETURN_TYPE = YES_ERROR;
				GCC_WARN_UNDECLARED_SELECTOR = YES;
				GCC_WARN_UNINITIALIZED_AUTOS = YES_AGGRESSIVE;
				GCC_WARN_UNUSED_FUNCTION = YES;
				GCC_WARN_UNUSED_VARIABLE = YES;
				IPHONEOS_DEPLOYMENT_TARGET = 16.2;
				MTL_ENABLE_DEBUG_INFO = INCLUDE_SOURCE;
				MTL_FAST_MATH = YES;
				ONLY_ACTIVE_ARCH = YES;
				SDKROOT = iphoneos;
				SWIFT_ACTIVE_COMPILATION_CONDITIONS = DEBUG;
				SWIFT_OPTIMIZATION_LEVEL = "-Onone";
			};
			name = Debug;
		};
		07A0E84329E80E180007CE59 /* Release */ = {
			isa = XCBuildConfiguration;
			buildSettings = {
				ALWAYS_SEARCH_USER_PATHS = NO;
				CLANG_ANALYZER_NONNULL = YES;
				CLANG_ANALYZER_NUMBER_OBJECT_CONVERSION = YES_AGGRESSIVE;
				CLANG_CXX_LANGUAGE_STANDARD = "gnu++20";
				CLANG_ENABLE_MODULES = YES;
				CLANG_ENABLE_OBJC_ARC = YES;
				CLANG_ENABLE_OBJC_WEAK = YES;
				CLANG_WARN_BLOCK_CAPTURE_AUTORELEASING = YES;
				CLANG_WARN_BOOL_CONVERSION = YES;
				CLANG_WARN_COMMA = YES;
				CLANG_WARN_CONSTANT_CONVERSION = YES;
				CLANG_WARN_DEPRECATED_OBJC_IMPLEMENTATIONS = YES;
				CLANG_WARN_DIRECT_OBJC_ISA_USAGE = YES_ERROR;
				CLANG_WARN_DOCUMENTATION_COMMENTS = YES;
				CLANG_WARN_EMPTY_BODY = YES;
				CLANG_WARN_ENUM_CONVERSION = YES;
				CLANG_WARN_INFINITE_RECURSION = YES;
				CLANG_WARN_INT_CONVERSION = YES;
				CLANG_WARN_NON_LITERAL_NULL_CONVERSION = YES;
				CLANG_WARN_OBJC_IMPLICIT_RETAIN_SELF = YES;
				CLANG_WARN_OBJC_LITERAL_CONVERSION = YES;
				CLANG_WARN_OBJC_ROOT_CLASS = YES_ERROR;
				CLANG_WARN_QUOTED_INCLUDE_IN_FRAMEWORK_HEADER = YES;
				CLANG_WARN_RANGE_LOOP_ANALYSIS = YES;
				CLANG_WARN_STRICT_PROTOTYPES = YES;
				CLANG_WARN_SUSPICIOUS_MOVE = YES;
				CLANG_WARN_UNGUARDED_AVAILABILITY = YES_AGGRESSIVE;
				CLANG_WARN_UNREACHABLE_CODE = YES;
				CLANG_WARN__DUPLICATE_METHOD_MATCH = YES;
				COPY_PHASE_STRIP = NO;
				DEBUG_INFORMATION_FORMAT = "dwarf-with-dsym";
				ENABLE_NS_ASSERTIONS = NO;
				ENABLE_STRICT_OBJC_MSGSEND = YES;
				GCC_C_LANGUAGE_STANDARD = gnu11;
				GCC_NO_COMMON_BLOCKS = YES;
				GCC_WARN_64_TO_32_BIT_CONVERSION = YES;
				GCC_WARN_ABOUT_RETURN_TYPE = YES_ERROR;
				GCC_WARN_UNDECLARED_SELECTOR = YES;
				GCC_WARN_UNINITIALIZED_AUTOS = YES_AGGRESSIVE;
				GCC_WARN_UNUSED_FUNCTION = YES;
				GCC_WARN_UNUSED_VARIABLE = YES;
				IPHONEOS_DEPLOYMENT_TARGET = 16.2;
				MTL_ENABLE_DEBUG_INFO = NO;
				MTL_FAST_MATH = YES;
				SDKROOT = iphoneos;
				SWIFT_COMPILATION_MODE = wholemodule;
				SWIFT_OPTIMIZATION_LEVEL = "-O";
				VALIDATE_PRODUCT = YES;
			};
			name = Release;
		};
		07A0E84529E80E180007CE59 /* Debug */ = {
			isa = XCBuildConfiguration;
			buildSettings = {
				ASSETCATALOG_COMPILER_APPICON_NAME = AppIcon;
				ASSETCATALOG_COMPILER_GLOBAL_ACCENT_COLOR_NAME = AccentColor;
				CODE_SIGN_STYLE = Automatic;
				CURRENT_PROJECT_VERSION = 1;
				DEVELOPMENT_ASSET_PATHS = "\"PokemonLists/Preview Content\"";
				DEVELOPMENT_TEAM = 3WGG463HSB;
				ENABLE_PREVIEWS = YES;
				GENERATE_INFOPLIST_FILE = YES;
				INFOPLIST_KEY_UIApplicationSceneManifest_Generation = YES;
				INFOPLIST_KEY_UIApplicationSupportsIndirectInputEvents = YES;
				INFOPLIST_KEY_UILaunchScreen_Generation = YES;
				INFOPLIST_KEY_UISupportedInterfaceOrientations_iPad = "UIInterfaceOrientationPortrait UIInterfaceOrientationPortraitUpsideDown UIInterfaceOrientationLandscapeLeft UIInterfaceOrientationLandscapeRight";
				INFOPLIST_KEY_UISupportedInterfaceOrientations_iPhone = "UIInterfaceOrientationPortrait UIInterfaceOrientationLandscapeLeft UIInterfaceOrientationLandscapeRight";
				LD_RUNPATH_SEARCH_PATHS = (
					"$(inherited)",
					"@executable_path/Frameworks",
				);
				MARKETING_VERSION = 1.0;
				PRODUCT_BUNDLE_IDENTIFIER = com.pancasetiawan.PokemonLists;
				PRODUCT_NAME = "$(TARGET_NAME)";
				SWIFT_EMIT_LOC_STRINGS = YES;
				SWIFT_VERSION = 5.0;
				TARGETED_DEVICE_FAMILY = "1,2";
			};
			name = Debug;
		};
		07A0E84629E80E180007CE59 /* Release */ = {
			isa = XCBuildConfiguration;
			buildSettings = {
				ASSETCATALOG_COMPILER_APPICON_NAME = AppIcon;
				ASSETCATALOG_COMPILER_GLOBAL_ACCENT_COLOR_NAME = AccentColor;
				CODE_SIGN_STYLE = Automatic;
				CURRENT_PROJECT_VERSION = 1;
				DEVELOPMENT_ASSET_PATHS = "\"PokemonLists/Preview Content\"";
				DEVELOPMENT_TEAM = 3WGG463HSB;
				ENABLE_PREVIEWS = YES;
				GENERATE_INFOPLIST_FILE = YES;
				INFOPLIST_KEY_UIApplicationSceneManifest_Generation = YES;
				INFOPLIST_KEY_UIApplicationSupportsIndirectInputEvents = YES;
				INFOPLIST_KEY_UILaunchScreen_Generation = YES;
				INFOPLIST_KEY_UISupportedInterfaceOrientations_iPad = "UIInterfaceOrientationPortrait UIInterfaceOrientationPortraitUpsideDown UIInterfaceOrientationLandscapeLeft UIInterfaceOrientationLandscapeRight";
				INFOPLIST_KEY_UISupportedInterfaceOrientations_iPhone = "UIInterfaceOrientationPortrait UIInterfaceOrientationLandscapeLeft UIInterfaceOrientationLandscapeRight";
				LD_RUNPATH_SEARCH_PATHS = (
					"$(inherited)",
					"@executable_path/Frameworks",
				);
				MARKETING_VERSION = 1.0;
				PRODUCT_BUNDLE_IDENTIFIER = com.pancasetiawan.PokemonLists;
				PRODUCT_NAME = "$(TARGET_NAME)";
				SWIFT_EMIT_LOC_STRINGS = YES;
				SWIFT_VERSION = 5.0;
				TARGETED_DEVICE_FAMILY = "1,2";
			};
			name = Release;
		};
/* End XCBuildConfiguration section */

/* Begin XCConfigurationList section */
		07A0E83129E80E160007CE59 /* Build configuration list for PBXProject "PokemonLists" */ = {
			isa = XCConfigurationList;
			buildConfigurations = (
				07A0E84229E80E180007CE59 /* Debug */,
				07A0E84329E80E180007CE59 /* Release */,
			);
			defaultConfigurationIsVisible = 0;
			defaultConfigurationName = Release;
		};
		07A0E84429E80E180007CE59 /* Build configuration list for PBXNativeTarget "PokemonLists" */ = {
			isa = XCConfigurationList;
			buildConfigurations = (
				07A0E84529E80E180007CE59 /* Debug */,
				07A0E84629E80E180007CE59 /* Release */,
			);
			defaultConfigurationIsVisible = 0;
			defaultConfigurationName = Release;
		};
/* End XCConfigurationList section */
	};
	rootObject = 07A0E82E29E80E160007CE59 /* Project object */;
}
